
Microsoft Visual Studio Solution File, Format Version 12.00
# Visual Studio Version 16
VisualStudioVersion = 16.0.32126.315
MinimumVisualStudioVersion = 10.0.40219.1
Project("{9A19103F-16F7-4668-BE54-9A1E7A4F7556}") = "CleanArchMvc.Domain", "CleanArchMvc.Domain\CleanArchMvc.Domain.csproj", "{EF675912-01E9-477C-988D-B3AA245CEBFC}"
EndProject
Project("{9A19103F-16F7-4668-BE54-9A1E7A4F7556}") = "CleanArchMvc.Application", "CleanArchMvc.Application\CleanArchMvc.Application.csproj", "{3EE6B78D-4299-4162-B9EE-B40392E3A505}"
EndProject
Project("{9A19103F-16F7-4668-BE54-9A1E7A4F7556}") = "CleanArchMvc.Infra.Data", "CleanArchMvc.Infra.Data\CleanArchMvc.Infra.Data.csproj", "{2C4E247D-C680-47B0-9D9B-0BC767E33C3C}"
EndProject
Project("{9A19103F-16F7-4668-BE54-9A1E7A4F7556}") = "CleanArchMvc.Infra.IoC", "CleanArchMvc.Infra.IoC\CleanArchMvc.Infra.IoC.csproj", "{1BEC3B51-551A-45D5-9A09-3A4BA5F43130}"
EndProject
Project("{9A19103F-16F7-4668-BE54-9A1E7A4F7556}") = "CleanArchMvc.WebUI", "CleanArchMvc.WebUI\CleanArchMvc.WebUI.csproj", "{8E057BC3-B3D2-4451-8ED5-1038C9422B80}"
EndProject
Project("{9A19103F-16F7-4668-BE54-9A1E7A4F7556}") = "CleanArchMvc.Domain.Tests", "CleanArchMvc.Domain.Tests\CleanArchMvc.Domain.Tests.csproj", "{B09BACD3-F6CA-4B77-9F28-C539BCFABFED}"
EndProject
Project("{FAE04EC0-301F-11D3-BF4B-00C04F79EFBC}") = "CleanArchMvc.API", "CleanArchMvc.API\CleanArchMvc.API.csproj", "{A0FB8249-B9F9-45A0-8DCB-E614995F0BBF}"
EndProject
Global
	GlobalSection(SolutionConfigurationPlatforms) = preSolution
		Debug|Any CPU = Debug|Any CPU
		Release|Any CPU = Release|Any CPU
	EndGlobalSection
	GlobalSection(ProjectConfigurationPlatforms) = postSolution
		{EF675912-01E9-477C-988D-B3AA245CEBFC}.Debug|Any CPU.ActiveCfg = Debug|Any CPU
		{EF675912-01E9-477C-988D-B3AA245CEBFC}.Debug|Any CPU.Build.0 = Debug|Any CPU
		{EF675912-01E9-477C-988D-B3AA245CEBFC}.Release|Any CPU.ActiveCfg = Release|Any CPU
		{EF675912-01E9-477C-988D-B3AA245CEBFC}.Release|Any CPU.Build.0 = Release|Any CPU
		{3EE6B78D-4299-4162-B9EE-B40392E3A505}.Debug|Any CPU.ActiveCfg = Debug|Any CPU
		{3EE6B78D-4299-4162-B9EE-B40392E3A505}.Debug|Any CPU.Build.0 = Debug|Any CPU
		{3EE6B78D-4299-4162-B9EE-B40392E3A505}.Release|Any CPU.ActiveCfg = Release|Any CPU
		{3EE6B78D-4299-4162-B9EE-B40392E3A505}.Release|Any CPU.Build.0 = Release|Any CPU
		{2C4E247D-C680-47B0-9D9B-0BC767E33C3C}.Debug|Any CPU.ActiveCfg = Debug|Any CPU
		{2C4E247D-C680-47B0-9D9B-0BC767E33C3C}.Debug|Any CPU.Build.0 = Debug|Any CPU
		{2C4E247D-C680-47B0-9D9B-0BC767E33C3C}.Release|Any CPU.ActiveCfg = Release|Any CPU
		{2C4E247D-C680-47B0-9D9B-0BC767E33C3C}.Release|Any CPU.Build.0 = Release|Any CPU
		{1BEC3B51-551A-45D5-9A09-3A4BA5F43130}.Debug|Any CPU.ActiveCfg = Debug|Any CPU
		{1BEC3B51-551A-45D5-9A09-3A4BA5F43130}.Debug|Any CPU.Build.0 = Debug|Any CPU
		{1BEC3B51-551A-45D5-9A09-3A4BA5F43130}.Release|Any CPU.ActiveCfg = Release|Any CPU
		{1BEC3B51-551A-45D5-9A09-3A4BA5F43130}.Release|Any CPU.Build.0 = Release|Any CPU
		{8E057BC3-B3D2-4451-8ED5-1038C9422B80}.Debug|Any CPU.ActiveCfg = Debug|Any CPU
		{8E057BC3-B3D2-4451-8ED5-1038C9422B80}.Debug|Any CPU.Build.0 = Debug|Any CPU
		{8E057BC3-B3D2-4451-8ED5-1038C9422B80}.Release|Any CPU.ActiveCfg = Release|Any CPU
		{8E057BC3-B3D2-4451-8ED5-1038C9422B80}.Release|Any CPU.Build.0 = Release|Any CPU
		{B09BACD3-F6CA-4B77-9F28-C539BCFABFED}.Debug|Any CPU.ActiveCfg = Debug|Any CPU
		{B09BACD3-F6CA-4B77-9F28-C539BCFABFED}.Debug|Any CPU.Build.0 = Debug|Any CPU
		{B09BACD3-F6CA-4B77-9F28-C539BCFABFED}.Release|Any CPU.ActiveCfg = Release|Any CPU
		{B09BACD3-F6CA-4B77-9F28-C539BCFABFED}.Release|Any CPU.Build.0 = Release|Any CPU
		{A0FB8249-B9F9-45A0-8DCB-E614995F0BBF}.Debug|Any CPU.ActiveCfg = Debug|Any CPU
		{A0FB8249-B9F9-45A0-8DCB-E614995F0BBF}.Debug|Any CPU.Build.0 = Debug|Any CPU
		{A0FB8249-B9F9-45A0-8DCB-E614995F0BBF}.Release|Any CPU.ActiveCfg = Release|Any CPU
		{A0FB8249-B9F9-45A0-8DCB-E614995F0BBF}.Release|Any CPU.Build.0 = Release|Any CPU
	EndGlobalSection
	GlobalSection(SolutionProperties) = preSolution
		HideSolutionNode = FALSE
	EndGlobalSection
	GlobalSection(ExtensibilityGlobals) = postSolution
		SolutionGuid = {7DF9EB5A-CF76-4322-890A-208D81DEB00E}
	EndGlobalSection
EndGlobal
